
Microsoft Visual Studio Solution File, Format Version 12.00
# Visual Studio Version 17
VisualStudioVersion = 17.2.32602.215
MinimumVisualStudioVersion = 10.0.40219.1
Project("{FAE04EC0-301F-11D3-BF4B-00C04F79EFBC}") = "CryptoAnalyzer", "CryptoAnalyzer\CryptoAnalyzer.csproj", "{2BACCB44-F96B-4119-A1AE-84A91CCE1653}"
EndProject
Global
	GlobalSection(SolutionConfigurationPlatforms) = preSolution
		Debug|Any CPU = Debug|Any CPU
		Release|Any CPU = Release|Any CPU
	EndGlobalSection
	GlobalSection(ProjectConfigurationPlatforms) = postSolution
		{2BACCB44-F96B-4119-A1AE-84A91CCE1653}.Debug|Any CPU.ActiveCfg = Debug|Any CPU
		{2BACCB44-F96B-4119-A1AE-84A91CCE1653}.Debug|Any CPU.Build.0 = Debug|Any CPU
		{2BACCB44-F96B-4119-A1AE-84A91CCE1653}.Release|Any CPU.ActiveCfg = Release|Any CPU
		{2BACCB44-F96B-4119-A1AE-84A91CCE1653}.Release|Any CPU.Build.0 = Release|Any CPU
	EndGlobalSection
	GlobalSection(SolutionProperties) = preSolution
		HideSolutionNode = FALSE
	EndGlobalSection
	GlobalSection(ExtensibilityGlobals) = postSolution
		SolutionGuid = {A228A1A5-9E66-4352-85A7-58D28F47537A}
	EndGlobalSection
EndGlobal
